
Microsoft Visual Studio Solution File, Format Version 12.00
# Visual Studio Version 17
VisualStudioVersion = 17.9.34728.123
MinimumVisualStudioVersion = 10.0.40219.1
Project("{8BC9CEB8-8B4A-11D0-8D11-00A0C91BC942}") = "BaseBall", "BaseBall\BaseBall.vcxproj", "{37681262-25F3-4417-9BC1-A7212E082812}"
EndProject
Project("{8BC9CEB8-8B4A-11D0-8D11-00A0C91BC942}") = "Sample-Test1", "Sample-Test1\Sample-Test1.vcxproj", "{3CF599B9-C474-4213-A7A9-05CA853004D8}"
EndProject
Project("{2150E333-8FDC-42A3-9474-1A3956D46DE8}") = "솔루션 항목", "솔루션 항목", "{5A381822-17A0-4EE5-8981-A334F2BBAD8D}"
	ProjectSection(SolutionItems) = preProject
		.gitignore = .gitignore
	EndProjectSection
EndProject
Global
	GlobalSection(SolutionConfigurationPlatforms) = preSolution
		Debug|x64 = Debug|x64
		Debug|x86 = Debug|x86
		Release|x64 = Release|x64
		Release|x86 = Release|x86
	EndGlobalSection
	GlobalSection(ProjectConfigurationPlatforms) = postSolution
		{37681262-25F3-4417-9BC1-A7212E082812}.Debug|x64.ActiveCfg = Debug|x64
		{37681262-25F3-4417-9BC1-A7212E082812}.Debug|x64.Build.0 = Debug|x64
		{37681262-25F3-4417-9BC1-A7212E082812}.Debug|x86.ActiveCfg = Debug|Win32
		{37681262-25F3-4417-9BC1-A7212E082812}.Debug|x86.Build.0 = Debug|Win32
		{37681262-25F3-4417-9BC1-A7212E082812}.Release|x64.ActiveCfg = Release|x64
		{37681262-25F3-4417-9BC1-A7212E082812}.Release|x64.Build.0 = Release|x64
		{37681262-25F3-4417-9BC1-A7212E082812}.Release|x86.ActiveCfg = Release|Win32
		{37681262-25F3-4417-9BC1-A7212E082812}.Release|x86.Build.0 = Release|Win32
		{3CF599B9-C474-4213-A7A9-05CA853004D8}.Debug|x64.ActiveCfg = Debug|x64
		{3CF599B9-C474-4213-A7A9-05CA853004D8}.Debug|x64.Build.0 = Debug|x64
		{3CF599B9-C474-4213-A7A9-05CA853004D8}.Debug|x86.ActiveCfg = Debug|Win32
		{3CF599B9-C474-4213-A7A9-05CA853004D8}.Debug|x86.Build.0 = Debug|Win32
		{3CF599B9-C474-4213-A7A9-05CA853004D8}.Release|x64.ActiveCfg = Release|x64
		{3CF599B9-C474-4213-A7A9-05CA853004D8}.Release|x64.Build.0 = Release|x64
		{3CF599B9-C474-4213-A7A9-05CA853004D8}.Release|x86.ActiveCfg = Release|Win32
		{3CF599B9-C474-4213-A7A9-05CA853004D8}.Release|x86.Build.0 = Release|Win32
	EndGlobalSection
	GlobalSection(SolutionProperties) = preSolution
		HideSolutionNode = FALSE
	EndGlobalSection
	GlobalSection(ExtensibilityGlobals) = postSolution
		SolutionGuid = {6AD4373D-1DAF-460D-A23E-133F41457C89}
	EndGlobalSection
EndGlobal
